
Microsoft Visual Studio Solution File, Format Version 12.00
# Visual Studio Version 17
VisualStudioVersion = 17.8.34408.163
MinimumVisualStudioVersion = 10.0.40219.1
Project("{9A19103F-16F7-4668-BE54-9A1E7A4F7556}") = "Backend", "Backend\Backend.csproj", "{530E801A-49A9-46D1-9F4E-5D55444F55AB}"
EndProject
Project("{9A19103F-16F7-4668-BE54-9A1E7A4F7556}") = "Backend.Tests", "Backend.Tests\Backend.Tests.csproj", "{3E8C5441-FC1D-4A98-980E-C1695630450A}"
EndProject
Project("{2150E333-8FDC-42A3-9474-1A3956D46DE8}") = "Artifacts", "Artifacts", "{5D2B05C0-FA2E-4BD9-9872-E9A75FE8FE7D}"
EndProject
Project("{2150E333-8FDC-42A3-9474-1A3956D46DE8}") = "Infrastructure", "Infrastructure", "{860F4531-207A-49CC-825F-85DF4C339C70}"
EndProject
Project("{9A19103F-16F7-4668-BE54-9A1E7A4F7556}") = "POE.DataAccess", "POE.DataAccess\POE.DataAccess.csproj", "{C09806F7-01FE-4FAD-B869-6FC75DEC2CAE}"
EndProject
Project("{2150E333-8FDC-42A3-9474-1A3956D46DE8}") = "Domain", "Domain", "{24ACA3C8-8939-40F6-9246-EB1B7E5B0EFD}"
EndProject
Project("{9A19103F-16F7-4668-BE54-9A1E7A4F7556}") = "POE.Core", "POE.Core\POE.Core.csproj", "{B57F18F0-20CD-4C1C-B8FC-58C2BB21C13D}"
EndProject
Project("{2150E333-8FDC-42A3-9474-1A3956D46DE8}") = "Tests", "Tests", "{0FC18395-D1AA-4971-A9A3-9D3FF30C7C75}"
EndProject
Global
	GlobalSection(SolutionConfigurationPlatforms) = preSolution
		Debug|Any CPU = Debug|Any CPU
		Release|Any CPU = Release|Any CPU
	EndGlobalSection
	GlobalSection(ProjectConfigurationPlatforms) = postSolution
		{530E801A-49A9-46D1-9F4E-5D55444F55AB}.Debug|Any CPU.ActiveCfg = Debug|Any CPU
		{530E801A-49A9-46D1-9F4E-5D55444F55AB}.Debug|Any CPU.Build.0 = Debug|Any CPU
		{530E801A-49A9-46D1-9F4E-5D55444F55AB}.Release|Any CPU.ActiveCfg = Release|Any CPU
		{530E801A-49A9-46D1-9F4E-5D55444F55AB}.Release|Any CPU.Build.0 = Release|Any CPU
		{3E8C5441-FC1D-4A98-980E-C1695630450A}.Debug|Any CPU.ActiveCfg = Debug|Any CPU
		{3E8C5441-FC1D-4A98-980E-C1695630450A}.Debug|Any CPU.Build.0 = Debug|Any CPU
		{3E8C5441-FC1D-4A98-980E-C1695630450A}.Release|Any CPU.ActiveCfg = Release|Any CPU
		{3E8C5441-FC1D-4A98-980E-C1695630450A}.Release|Any CPU.Build.0 = Release|Any CPU
		{C09806F7-01FE-4FAD-B869-6FC75DEC2CAE}.Debug|Any CPU.ActiveCfg = Debug|Any CPU
		{C09806F7-01FE-4FAD-B869-6FC75DEC2CAE}.Debug|Any CPU.Build.0 = Debug|Any CPU
		{C09806F7-01FE-4FAD-B869-6FC75DEC2CAE}.Release|Any CPU.ActiveCfg = Release|Any CPU
		{C09806F7-01FE-4FAD-B869-6FC75DEC2CAE}.Release|Any CPU.Build.0 = Release|Any CPU
		{B57F18F0-20CD-4C1C-B8FC-58C2BB21C13D}.Debug|Any CPU.ActiveCfg = Debug|Any CPU
		{B57F18F0-20CD-4C1C-B8FC-58C2BB21C13D}.Debug|Any CPU.Build.0 = Debug|Any CPU
		{B57F18F0-20CD-4C1C-B8FC-58C2BB21C13D}.Release|Any CPU.ActiveCfg = Release|Any CPU
		{B57F18F0-20CD-4C1C-B8FC-58C2BB21C13D}.Release|Any CPU.Build.0 = Release|Any CPU
	EndGlobalSection
	GlobalSection(SolutionProperties) = preSolution
		HideSolutionNode = FALSE
	EndGlobalSection
	GlobalSection(NestedProjects) = preSolution
		{530E801A-49A9-46D1-9F4E-5D55444F55AB} = {5D2B05C0-FA2E-4BD9-9872-E9A75FE8FE7D}
		{3E8C5441-FC1D-4A98-980E-C1695630450A} = {0FC18395-D1AA-4971-A9A3-9D3FF30C7C75}
		{C09806F7-01FE-4FAD-B869-6FC75DEC2CAE} = {860F4531-207A-49CC-825F-85DF4C339C70}
		{B57F18F0-20CD-4C1C-B8FC-58C2BB21C13D} = {24ACA3C8-8939-40F6-9246-EB1B7E5B0EFD}
	EndGlobalSection
	GlobalSection(ExtensibilityGlobals) = postSolution
		SolutionGuid = {E276222D-B59F-4539-A937-0C3A0C4C0D63}
	EndGlobalSection
EndGlobal
